
Microsoft Visual Studio Solution File, Format Version 12.00
# Visual Studio Version 16
VisualStudioVersion = 16.0.31729.503
MinimumVisualStudioVersion = 10.0.40219.1
Project("{9A19103F-16F7-4668-BE54-9A1E7A4F7556}") = "DataAccess", "DataAccess\DataAccess.csproj", "{6DBEDFB7-E032-40A5-98F8-8FC7EE73C4C1}"
EndProject
Project("{9A19103F-16F7-4668-BE54-9A1E7A4F7556}") = "Business", "Business\Business.csproj", "{F8CE70FB-F33A-4377-A33F-2B15BDC1C0D0}"
EndProject
Project("{9A19103F-16F7-4668-BE54-9A1E7A4F7556}") = "Entities", "Entities\Entities.csproj", "{F7A56EA3-83EE-4145-9C88-29FEAD673D4C}"
EndProject
Project("{9A19103F-16F7-4668-BE54-9A1E7A4F7556}") = "ConsoleUI", "ConsoleUI\ConsoleUI.csproj", "{8788F4B4-605A-42F4-A06E-C736A7825355}"
EndProject
Project("{FAE04EC0-301F-11D3-BF4B-00C04F79EFBC}") = "Core", "Core\Core.csproj", "{242ACFBE-8FC7-4546-94FB-320A11126675}"
EndProject
Global
	GlobalSection(SolutionConfigurationPlatforms) = preSolution
		Debug|Any CPU = Debug|Any CPU
		Release|Any CPU = Release|Any CPU
	EndGlobalSection
	GlobalSection(ProjectConfigurationPlatforms) = postSolution
		{6DBEDFB7-E032-40A5-98F8-8FC7EE73C4C1}.Debug|Any CPU.ActiveCfg = Debug|Any CPU
		{6DBEDFB7-E032-40A5-98F8-8FC7EE73C4C1}.Debug|Any CPU.Build.0 = Debug|Any CPU
		{6DBEDFB7-E032-40A5-98F8-8FC7EE73C4C1}.Release|Any CPU.ActiveCfg = Release|Any CPU
		{6DBEDFB7-E032-40A5-98F8-8FC7EE73C4C1}.Release|Any CPU.Build.0 = Release|Any CPU
		{F8CE70FB-F33A-4377-A33F-2B15BDC1C0D0}.Debug|Any CPU.ActiveCfg = Debug|Any CPU
		{F8CE70FB-F33A-4377-A33F-2B15BDC1C0D0}.Debug|Any CPU.Build.0 = Debug|Any CPU
		{F8CE70FB-F33A-4377-A33F-2B15BDC1C0D0}.Release|Any CPU.ActiveCfg = Release|Any CPU
		{F8CE70FB-F33A-4377-A33F-2B15BDC1C0D0}.Release|Any CPU.Build.0 = Release|Any CPU
		{F7A56EA3-83EE-4145-9C88-29FEAD673D4C}.Debug|Any CPU.ActiveCfg = Debug|Any CPU
		{F7A56EA3-83EE-4145-9C88-29FEAD673D4C}.Debug|Any CPU.Build.0 = Debug|Any CPU
		{F7A56EA3-83EE-4145-9C88-29FEAD673D4C}.Release|Any CPU.ActiveCfg = Release|Any CPU
		{F7A56EA3-83EE-4145-9C88-29FEAD673D4C}.Release|Any CPU.Build.0 = Release|Any CPU
		{8788F4B4-605A-42F4-A06E-C736A7825355}.Debug|Any CPU.ActiveCfg = Debug|Any CPU
		{8788F4B4-605A-42F4-A06E-C736A7825355}.Debug|Any CPU.Build.0 = Debug|Any CPU
		{8788F4B4-605A-42F4-A06E-C736A7825355}.Release|Any CPU.ActiveCfg = Release|Any CPU
		{8788F4B4-605A-42F4-A06E-C736A7825355}.Release|Any CPU.Build.0 = Release|Any CPU
		{242ACFBE-8FC7-4546-94FB-320A11126675}.Debug|Any CPU.ActiveCfg = Debug|Any CPU
		{242ACFBE-8FC7-4546-94FB-320A11126675}.Debug|Any CPU.Build.0 = Debug|Any CPU
		{242ACFBE-8FC7-4546-94FB-320A11126675}.Release|Any CPU.ActiveCfg = Release|Any CPU
		{242ACFBE-8FC7-4546-94FB-320A11126675}.Release|Any CPU.Build.0 = Release|Any CPU
	EndGlobalSection
	GlobalSection(SolutionProperties) = preSolution
		HideSolutionNode = FALSE
	EndGlobalSection
	GlobalSection(ExtensibilityGlobals) = postSolution
		SolutionGuid = {598359ED-43DA-45B0-BD85-B11D2A475855}
	EndGlobalSection
EndGlobal
